
Microsoft Visual Studio Solution File, Format Version 12.00
# Visual Studio 15
VisualStudioVersion = 15.0.28307.852
MinimumVisualStudioVersion = 10.0.40219.1
Project("{FAE04EC0-301F-11D3-BF4B-00C04F79EFBC}") = "ConsoleApp", "ConsoleAppe\ConsoleApp.csproj", "{3F35F57B-764F-48C9-9409-92DDE6F320E6}"
EndProject
Project("{FAE04EC0-301F-11D3-BF4B-00C04F79EFBC}") = "NoteApp", "NoteApp\NoteApp.csproj", "{5E4A0A16-8FDC-4523-BB4A-21BBEF530ECE}"
EndProject
Project("{FAE04EC0-301F-11D3-BF4B-00C04F79EFBC}") = "NoteAppUI", "TestNoteAppUI\NoteAppUI.csproj", "{59FDCFA4-E3A9-40A1-8892-78894D9E8CB7}"
EndProject
Project("{FAE04EC0-301F-11D3-BF4B-00C04F79EFBC}") = "NoteApp.UnitTests", "NoteApp.UnitTests\NoteApp.UnitTests.csproj", "{DCCC9740-F17B-4663-A759-3316078E7C6C}"
EndProject
Global
	GlobalSection(SolutionConfigurationPlatforms) = preSolution
		Debug|Any CPU = Debug|Any CPU
		Release|Any CPU = Release|Any CPU
	EndGlobalSection
	GlobalSection(ProjectConfigurationPlatforms) = postSolution
		{3F35F57B-764F-48C9-9409-92DDE6F320E6}.Debug|Any CPU.ActiveCfg = Debug|Any CPU
		{3F35F57B-764F-48C9-9409-92DDE6F320E6}.Debug|Any CPU.Build.0 = Debug|Any CPU
		{3F35F57B-764F-48C9-9409-92DDE6F320E6}.Release|Any CPU.ActiveCfg = Release|Any CPU
		{3F35F57B-764F-48C9-9409-92DDE6F320E6}.Release|Any CPU.Build.0 = Release|Any CPU
		{5E4A0A16-8FDC-4523-BB4A-21BBEF530ECE}.Debug|Any CPU.ActiveCfg = Debug|Any CPU
		{5E4A0A16-8FDC-4523-BB4A-21BBEF530ECE}.Debug|Any CPU.Build.0 = Debug|Any CPU
		{5E4A0A16-8FDC-4523-BB4A-21BBEF530ECE}.Release|Any CPU.ActiveCfg = Release|Any CPU
		{5E4A0A16-8FDC-4523-BB4A-21BBEF530ECE}.Release|Any CPU.Build.0 = Release|Any CPU
		{59FDCFA4-E3A9-40A1-8892-78894D9E8CB7}.Debug|Any CPU.ActiveCfg = Debug|Any CPU
		{59FDCFA4-E3A9-40A1-8892-78894D9E8CB7}.Debug|Any CPU.Build.0 = Debug|Any CPU
		{59FDCFA4-E3A9-40A1-8892-78894D9E8CB7}.Release|Any CPU.ActiveCfg = Release|Any CPU
		{59FDCFA4-E3A9-40A1-8892-78894D9E8CB7}.Release|Any CPU.Build.0 = Release|Any CPU
		{DCCC9740-F17B-4663-A759-3316078E7C6C}.Debug|Any CPU.ActiveCfg = Debug|Any CPU
		{DCCC9740-F17B-4663-A759-3316078E7C6C}.Debug|Any CPU.Build.0 = Debug|Any CPU
		{DCCC9740-F17B-4663-A759-3316078E7C6C}.Release|Any CPU.ActiveCfg = Release|Any CPU
		{DCCC9740-F17B-4663-A759-3316078E7C6C}.Release|Any CPU.Build.0 = Release|Any CPU
	EndGlobalSection
	GlobalSection(SolutionProperties) = preSolution
		HideSolutionNode = FALSE
	EndGlobalSection
	GlobalSection(ExtensibilityGlobals) = postSolution
		SolutionGuid = {BEFDB559-16F7-4391-B855-D565007A180D}
	EndGlobalSection
EndGlobal
